[[package]]
category = "main"
description = "ASGI specs, helper code, and adapters"
name = "asgiref"
optional = false
python-versions = ">=3.7"
version = "3.5.2"

[package.extras]
tests = ["pytest", "pytest-asyncio", "mypy (>=0.800)"]

[[package]]
category = "main"
description = "A high-level Python web framework that encourages rapid development and clean, pragmatic design."
name = "django"
optional = false
python-versions = ">=3.8"
version = "4.1"

[package.dependencies]
asgiref = ">=3.5.2,<4"
sqlparse = ">=0.2.2"
tzdata = {version = "*", markers = "sys_platform == \"win32\""}

[package.extras]
argon2 = ["argon2-cffi (>=19.1.0)"]
bcrypt = ["bcrypt"]

[[package]]
category = "main"
description = "Python interface to MySQL"
name = "mysqlclient"
optional = false
python-versions = ">=3.5"
version = "2.1.1"

[[package]]
category = "main"
description = "A non-validating SQL parser."
name = "sqlparse"
optional = false
python-versions = ">=3.5"
version = "0.4.2"

[[package]]
category = "main"
description = "Provider of IANA time zone data"
name = "tzdata"
optional = false
python-versions = ">=2"
version = "2022.2"

[metadata]
content-hash = "06a53c87a3f191eb0bfabb3d661725469df4e4b7c1ce9d0cf1527c3692e46bc0"
lock-version = "1.1"
python-versions = "^3.10"

[metadata.files]
asgiref = [
  {file = "asgiref-3.5.2-py3-none-any.whl", hash = "sha256:1d2880b792ae8757289136f1db2b7b99100ce959b2aa57fd69dab783d05afac4"},
  {file = "asgiref-3.5.2.tar.gz", hash = "sha256:4a29362a6acebe09bf1d6640db38c1dc3d9217c68e6f9f6204d72667fc19a424"},
]
django = []
mysqlclient = []
sqlparse = [
  {file = "sqlparse-0.4.2-py3-none-any.whl", hash = "sha256:48719e356bb8b42991bdbb1e8b83223757b93789c00910a616a071910ca4a64d"},
  {file = "sqlparse-0.4.2.tar.gz", hash = "sha256:0c00730c74263a94e5a9919ade150dfc3b19c574389985446148402998287dae"},
]
tzdata = []
